
Microsoft Visual Studio Solution File, Format Version 12.00
# Visual Studio Version 17
VisualStudioVersion = 17.6.33626.354
MinimumVisualStudioVersion = 10.0.40219.1
Project("{2150E333-8FDC-42A3-9474-1A3956D46DE8}") = "src", "src", "{10300FBB-F3A9-4DD7-8556-55101095C54E}"
EndProject
Project("{9A19103F-16F7-4668-BE54-9A1E7A4F7556}") = "WebActuator", "src\WebActuator\WebActuator.csproj", "{1A805871-CDAA-40C8-983E-949AE4BD1CA8}"
EndProject
Project("{2150E333-8FDC-42A3-9474-1A3956D46DE8}") = "examples", "examples", "{29027C6F-B221-4208-B1CD-D6EE419A094A}"
EndProject
Project("{9A19103F-16F7-4668-BE54-9A1E7A4F7556}") = "Examples.Shared", "examples\Examples.Shared\Examples.Shared.csproj", "{696FC3EC-DEDD-480A-9189-E3A7F5159431}"
EndProject
Project("{9A19103F-16F7-4668-BE54-9A1E7A4F7556}") = "Examples.Server", "examples\Examples.Server\Examples.Server.csproj", "{36E18FE5-B8AC-40ED-9D14-5E102608093B}"
EndProject
Global
	GlobalSection(SolutionConfigurationPlatforms) = preSolution
		Debug|Any CPU = Debug|Any CPU
		Release|Any CPU = Release|Any CPU
	EndGlobalSection
	GlobalSection(ProjectConfigurationPlatforms) = postSolution
		{1A805871-CDAA-40C8-983E-949AE4BD1CA8}.Debug|Any CPU.ActiveCfg = Debug|Any CPU
		{1A805871-CDAA-40C8-983E-949AE4BD1CA8}.Debug|Any CPU.Build.0 = Debug|Any CPU
		{1A805871-CDAA-40C8-983E-949AE4BD1CA8}.Release|Any CPU.ActiveCfg = Release|Any CPU
		{1A805871-CDAA-40C8-983E-949AE4BD1CA8}.Release|Any CPU.Build.0 = Release|Any CPU
		{696FC3EC-DEDD-480A-9189-E3A7F5159431}.Debug|Any CPU.ActiveCfg = Debug|Any CPU
		{696FC3EC-DEDD-480A-9189-E3A7F5159431}.Debug|Any CPU.Build.0 = Debug|Any CPU
		{696FC3EC-DEDD-480A-9189-E3A7F5159431}.Release|Any CPU.ActiveCfg = Release|Any CPU
		{696FC3EC-DEDD-480A-9189-E3A7F5159431}.Release|Any CPU.Build.0 = Release|Any CPU
		{36E18FE5-B8AC-40ED-9D14-5E102608093B}.Debug|Any CPU.ActiveCfg = Debug|Any CPU
		{36E18FE5-B8AC-40ED-9D14-5E102608093B}.Debug|Any CPU.Build.0 = Debug|Any CPU
		{36E18FE5-B8AC-40ED-9D14-5E102608093B}.Release|Any CPU.ActiveCfg = Release|Any CPU
		{36E18FE5-B8AC-40ED-9D14-5E102608093B}.Release|Any CPU.Build.0 = Release|Any CPU
	EndGlobalSection
	GlobalSection(SolutionProperties) = preSolution
		HideSolutionNode = FALSE
	EndGlobalSection
	GlobalSection(NestedProjects) = preSolution
		{1A805871-CDAA-40C8-983E-949AE4BD1CA8} = {10300FBB-F3A9-4DD7-8556-55101095C54E}
		{696FC3EC-DEDD-480A-9189-E3A7F5159431} = {29027C6F-B221-4208-B1CD-D6EE419A094A}
		{36E18FE5-B8AC-40ED-9D14-5E102608093B} = {29027C6F-B221-4208-B1CD-D6EE419A094A}
	EndGlobalSection
	GlobalSection(ExtensibilityGlobals) = postSolution
		SolutionGuid = {CBADBEAA-A3BD-4255-9289-3731754B1650}
	EndGlobalSection
EndGlobal
