
Microsoft Visual Studio Solution File, Format Version 12.00
# Visual Studio Version 17
VisualStudioVersion = 17.6.33626.354
MinimumVisualStudioVersion = 10.0.40219.1
Project("{2150E333-8FDC-42A3-9474-1A3956D46DE8}") = "src", "src", "{10300FBB-F3A9-4DD7-8556-55101095C54E}"
EndProject
Project("{9A19103F-16F7-4668-BE54-9A1E7A4F7556}") = "WebActuator", "src\WebActuator\WebActuator.csproj", "{1A805871-CDAA-40C8-983E-949AE4BD1CA8}"
EndProject
Project("{9A19103F-16F7-4668-BE54-9A1E7A4F7556}") = "WebActuator.App", "src\WebActuator.App\WebActuator.App.csproj", "{46B957B9-CFE3-4F97-8F6D-6A4AEC5C8A02}"
EndProject
Project("{9A19103F-16F7-4668-BE54-9A1E7A4F7556}") = "WebActuator.Web", "src\WebActuator.Web\WebActuator.Web.csproj", "{B3D7D8AF-8508-4F76-B76D-799F3DB7DF5D}"
EndProject
Project("{FAE04EC0-301F-11D3-BF4B-00C04F79EFBC}") = "Project1", "Project1\Project1.csproj", "{E85666E1-6668-4207-9EF5-273B09BDC349}"
EndProject
Global
	GlobalSection(SolutionConfigurationPlatforms) = preSolution
		Debug|Any CPU = Debug|Any CPU
		Release|Any CPU = Release|Any CPU
	EndGlobalSection
	GlobalSection(ProjectConfigurationPlatforms) = postSolution
		{1A805871-CDAA-40C8-983E-949AE4BD1CA8}.Debug|Any CPU.ActiveCfg = Debug|Any CPU
		{1A805871-CDAA-40C8-983E-949AE4BD1CA8}.Debug|Any CPU.Build.0 = Debug|Any CPU
		{1A805871-CDAA-40C8-983E-949AE4BD1CA8}.Release|Any CPU.ActiveCfg = Release|Any CPU
		{1A805871-CDAA-40C8-983E-949AE4BD1CA8}.Release|Any CPU.Build.0 = Release|Any CPU
		{46B957B9-CFE3-4F97-8F6D-6A4AEC5C8A02}.Debug|Any CPU.ActiveCfg = Debug|Any CPU
		{46B957B9-CFE3-4F97-8F6D-6A4AEC5C8A02}.Debug|Any CPU.Build.0 = Debug|Any CPU
		{46B957B9-CFE3-4F97-8F6D-6A4AEC5C8A02}.Release|Any CPU.ActiveCfg = Release|Any CPU
		{46B957B9-CFE3-4F97-8F6D-6A4AEC5C8A02}.Release|Any CPU.Build.0 = Release|Any CPU
		{B3D7D8AF-8508-4F76-B76D-799F3DB7DF5D}.Debug|Any CPU.ActiveCfg = Debug|Any CPU
		{B3D7D8AF-8508-4F76-B76D-799F3DB7DF5D}.Debug|Any CPU.Build.0 = Debug|Any CPU
		{B3D7D8AF-8508-4F76-B76D-799F3DB7DF5D}.Release|Any CPU.ActiveCfg = Release|Any CPU
		{B3D7D8AF-8508-4F76-B76D-799F3DB7DF5D}.Release|Any CPU.Build.0 = Release|Any CPU
		{E85666E1-6668-4207-9EF5-273B09BDC349}.Debug|Any CPU.ActiveCfg = Debug|Any CPU
		{E85666E1-6668-4207-9EF5-273B09BDC349}.Debug|Any CPU.Build.0 = Debug|Any CPU
		{E85666E1-6668-4207-9EF5-273B09BDC349}.Release|Any CPU.ActiveCfg = Release|Any CPU
		{E85666E1-6668-4207-9EF5-273B09BDC349}.Release|Any CPU.Build.0 = Release|Any CPU
	EndGlobalSection
	GlobalSection(SolutionProperties) = preSolution
		HideSolutionNode = FALSE
	EndGlobalSection
	GlobalSection(NestedProjects) = preSolution
		{1A805871-CDAA-40C8-983E-949AE4BD1CA8} = {10300FBB-F3A9-4DD7-8556-55101095C54E}
		{46B957B9-CFE3-4F97-8F6D-6A4AEC5C8A02} = {10300FBB-F3A9-4DD7-8556-55101095C54E}
		{B3D7D8AF-8508-4F76-B76D-799F3DB7DF5D} = {10300FBB-F3A9-4DD7-8556-55101095C54E}
		{E85666E1-6668-4207-9EF5-273B09BDC349} = {10300FBB-F3A9-4DD7-8556-55101095C54E}
	EndGlobalSection
	GlobalSection(ExtensibilityGlobals) = postSolution
		SolutionGuid = {CBADBEAA-A3BD-4255-9289-3731754B1650}
	EndGlobalSection
EndGlobal
