Microsoft Visual Studio Solution File, Format Version 12.00
# Visual Studio Version 16
VisualStudioVersion = 16.0.0.0
MinimumVisualStudioVersion = 16.0.0.0
Project("{9A19103F-16F7-4668-BE54-9A1E7A4F7556}") = "Examples.WebApp", "Examples.WebApp\Examples.WebApp.csproj", "{6E35A169-1E66-4858-8635-BE0A240AF2D3}"
EndProject
Project("{9A19103F-16F7-4668-BE54-9A1E7A4F7556}") = "Examples.WebApp.Client", "Examples.WebApp.Client\Examples.WebApp.Client.csproj", "{5A08D43C-DFDC-48B0-A24F-47785597D5E5}"
EndProject
Global
	GlobalSection(SolutionConfigurationPlatforms) = preSolution
		Debug|Any CPU = Debug|Any CPU
		Debug|x64 = Debug|x64
		Debug|x86 = Debug|x86
		Release|Any CPU = Release|Any CPU
		Release|x64 = Release|x64
		Release|x86 = Release|x86
	EndGlobalSection
	GlobalSection(ProjectConfigurationPlatforms) = postSolution
		{5A08D43C-DFDC-48B0-A24F-47785597D5E5}.Debug|Any CPU.ActiveCfg = Debug|Any CPU
		{5A08D43C-DFDC-48B0-A24F-47785597D5E5}.Debug|Any CPU.Build.0 = Debug|Any CPU
		{5A08D43C-DFDC-48B0-A24F-47785597D5E5}.Debug|x64.ActiveCfg = Debug|Any CPU
		{5A08D43C-DFDC-48B0-A24F-47785597D5E5}.Debug|x64.Build.0 = Debug|Any CPU
		{5A08D43C-DFDC-48B0-A24F-47785597D5E5}.Debug|x86.ActiveCfg = Debug|Any CPU
		{5A08D43C-DFDC-48B0-A24F-47785597D5E5}.Debug|x86.Build.0 = Debug|Any CPU
		{5A08D43C-DFDC-48B0-A24F-47785597D5E5}.Release|Any CPU.ActiveCfg = Release|Any CPU
		{5A08D43C-DFDC-48B0-A24F-47785597D5E5}.Release|Any CPU.Build.0 = Release|Any CPU
		{5A08D43C-DFDC-48B0-A24F-47785597D5E5}.Release|x64.ActiveCfg = Release|Any CPU
		{5A08D43C-DFDC-48B0-A24F-47785597D5E5}.Release|x64.Build.0 = Release|Any CPU
		{5A08D43C-DFDC-48B0-A24F-47785597D5E5}.Release|x86.ActiveCfg = Release|Any CPU
		{5A08D43C-DFDC-48B0-A24F-47785597D5E5}.Release|x86.Build.0 = Release|Any CPU
		{6E35A169-1E66-4858-8635-BE0A240AF2D3}.Debug|Any CPU.ActiveCfg = Debug|Any CPU
		{6E35A169-1E66-4858-8635-BE0A240AF2D3}.Debug|Any CPU.Build.0 = Debug|Any CPU
		{6E35A169-1E66-4858-8635-BE0A240AF2D3}.Debug|x64.ActiveCfg = Debug|Any CPU
		{6E35A169-1E66-4858-8635-BE0A240AF2D3}.Debug|x64.Build.0 = Debug|Any CPU
		{6E35A169-1E66-4858-8635-BE0A240AF2D3}.Debug|x86.ActiveCfg = Debug|Any CPU
		{6E35A169-1E66-4858-8635-BE0A240AF2D3}.Debug|x86.Build.0 = Debug|Any CPU
		{6E35A169-1E66-4858-8635-BE0A240AF2D3}.Release|Any CPU.ActiveCfg = Release|Any CPU
		{6E35A169-1E66-4858-8635-BE0A240AF2D3}.Release|Any CPU.Build.0 = Release|Any CPU
		{6E35A169-1E66-4858-8635-BE0A240AF2D3}.Release|x64.ActiveCfg = Release|Any CPU
		{6E35A169-1E66-4858-8635-BE0A240AF2D3}.Release|x64.Build.0 = Release|Any CPU
		{6E35A169-1E66-4858-8635-BE0A240AF2D3}.Release|x86.ActiveCfg = Release|Any CPU
		{6E35A169-1E66-4858-8635-BE0A240AF2D3}.Release|x86.Build.0 = Release|Any CPU
	EndGlobalSection
	GlobalSection(SolutionProperties) = preSolution
		HideSolutionNode = FALSE
	EndGlobalSection
	GlobalSection(ExtensibilityGlobals) = postSolution
		SolutionGuid = {800AC30B-C9C3-4902-9667-CCBBBE12521D}
	EndGlobalSection
EndGlobal
